<?xml version="1.0" encoding="utf-8"?>
<Project ToolsVersion="4.0" xmlns="http://schemas.microsoft.com/developer/msbuild/2003">
  <ItemGroup>
    <ClCompile Include="ColdEyes.cpp" />
    <ClCompile Include="ColdEyesDlg.cpp" />
    <ClCompile Include="Com\Router.cpp" />
    <ClCompile Include="Com\SerialPort.cpp" />
    <ClCompile Include="Device\Camera.cpp" />
    <ClCompile Include="Device\CameraManager.cpp" />
    <ClCompile Include="Device\DeviceDetecter.cpp" />
    <ClCompile Include="Device\DeviceScanner.cpp" />
    <ClCompile Include="Device\Port.cpp" />
    <ClCompile Include="Device\PortManager.cpp" />
    <ClCompile Include="stdafx.cpp" />
    <ClCompile Include="Surface.cpp" />
    <ClCompile Include="SurfaceFrame.cpp" />
    <ClCompile Include="UI\Control\EditExUI.cpp" />
    <ClCompile Include="UI\Control\KeyBoardUI.cpp" />
    <ClCompile Include="UI\Control\LabelExUI.cpp" />
    <ClCompile Include="UI\Control\MenuItemUI.cpp" />
    <ClCompile Include="UI\Control\SliderExUI.cpp" />
    <ClCompile Include="UI\Control\SubMenuItemUI.cpp" />
    <ClCompile Include="UI\Control\TimeSpanPickerUI.cpp" />
    <ClCompile Include="UI\Control\XUIControl.cpp" />
    <ClCompile Include="UI\Wnd\MainWindow.cpp" />
    <ClCompile Include="UI\Wnd\WallWindow.cpp" />
    <ClCompile Include="WallDlg.cpp" />
    <ClCompile Include="Database\DBHelper.cpp" />
    <ClCompile Include="Database\SQLiteWrapper.cpp" />
    <ClCompile Include="Config\SystemConfig.cpp" />
    <ClCompile Include="Config\PortConfig.cpp" />
  </ItemGroup>
  <ItemGroup>
    <Text Include="ReadMe.txt" />
  </ItemGroup>
  <ItemGroup>
    <ClInclude Include="ColdEyes.h">
      <Filter>头文件</Filter>
    </ClInclude>
    <ClInclude Include="ColdEyesDlg.h">
      <Filter>头文件</Filter>
    </ClInclude>
    <ClInclude Include="stdafx.h">
      <Filter>头文件</Filter>
    </ClInclude>
    <ClInclude Include="targetver.h">
      <Filter>头文件</Filter>
    </ClInclude>
    <ClInclude Include="Resource.h">
      <Filter>头文件</Filter>
    </ClInclude>
    <ClInclude Include="UI\Wnd\MainWindow.h">
      <Filter>UI\Wnd</Filter>
    </ClInclude>
    <ClInclude Include="UI\Control\XUIControl.h">
      <Filter>UI\Control</Filter>
    </ClInclude>
    <ClInclude Include="Device\Camera.h">
      <Filter>Device</Filter>
    </ClInclude>
    <ClInclude Include="Device\CameraManager.h">
      <Filter>Device</Filter>
    </ClInclude>
    <ClInclude Include="Layout.h">
      <Filter>头文件</Filter>
    </ClInclude>
    <ClInclude Include="Device\DeviceScanner.h">
      <Filter>头文件</Filter>
    </ClInclude>
    <ClInclude Include="Device\DeviceDetecter.h">
      <Filter>Device</Filter>
    </ClInclude>
    <ClInclude Include="Com\Router.h">
      <Filter>Com</Filter>
    </ClInclude>
    <ClInclude Include="Device\Port.h">
      <Filter>Device</Filter>
    </ClInclude>
    <ClInclude Include="Device\PortManager.h">
      <Filter>Device</Filter>
    </ClInclude>
    <ClInclude Include="Pattern\IDataHandler.h">
      <Filter>Pattern</Filter>
    </ClInclude>
    <ClInclude Include="Com\SerialPort.h">
      <Filter>Com</Filter>
    </ClInclude>
    <ClInclude Include="UI\Control\KeyBoardUI.h">
      <Filter>UI\Control</Filter>
    </ClInclude>
    <ClInclude Include="UI\Control\LabelExUI.h">
      <Filter>UI\Control</Filter>
    </ClInclude>
    <ClInclude Include="UI\Control\MenuItemUI.h">
      <Filter>UI\Control</Filter>
    </ClInclude>
    <ClInclude Include="UI\Control\SliderExUI.h">
      <Filter>UI\Control</Filter>
    </ClInclude>
    <ClInclude Include="UI\Control\SubMenuItemUI.h">
      <Filter>UI\Control</Filter>
    </ClInclude>
    <ClInclude Include="UI\Control\TimeSpanPickerUI.h">
      <Filter>UI\Control</Filter>
    </ClInclude>
    <ClInclude Include="UI\Control\EditExUI.h">
      <Filter>UI\Control</Filter>
    </ClInclude>
    <ClInclude Include="UI\Wnd\MyMenuWnd.h">
      <Filter>UI\Wnd</Filter>
    </ClInclude>
    <ClInclude Include="UI\Control\SwitchExUI.h">
      <Filter>UI\Control</Filter>
    </ClInclude>
    <ClInclude Include="UI\Control\OptionExUI.h">
      <Filter>UI\Control</Filter>
    </ClInclude>
    <ClInclude Include="UI\Wnd\OkCancelMsgWnd.h">
      <Filter>UI\Wnd</Filter>
    </ClInclude>
    <ClInclude Include="UI\Control\CameraNameELementUI.h">
      <Filter>UI\Control</Filter>
    </ClInclude>
    <ClInclude Include="UI\Wnd\AlphaMarkWnd.h">
      <Filter>UI\Wnd</Filter>
    </ClInclude>
    <ClInclude Include="UI\Wnd\PlayerWallWnd.h">
      <Filter>UI\Wnd</Filter>
    </ClInclude>
    <ClInclude Include="UI\Wnd\SysSetIconsWnd.h">
      <Filter>UI\Wnd</Filter>
    </ClInclude>
    <ClInclude Include="UI\Wnd\VPlayer.h">
      <Filter>UI\Wnd</Filter>
    </ClInclude>
    <ClInclude Include="UI\Wnd\VoiceRecordMsgWnd.h">
      <Filter>UI\Wnd</Filter>
    </ClInclude>
    <ClInclude Include="UI\Wnd\VoicePlayMsgWnd.h">
      <Filter>UI\Wnd</Filter>
    </ClInclude>
  </ItemGroup>
  <ItemGroup>
    <ClCompile Include="ColdEyes.cpp">
      <Filter>源文件</Filter>
    </ClCompile>
    <ClCompile Include="ColdEyesDlg.cpp">
      <Filter>源文件</Filter>
    </ClCompile>
    <ClCompile Include="stdafx.cpp">
      <Filter>源文件</Filter>
    </ClCompile>
    <ClCompile Include="UI\Wnd\MainWindow.cpp">
      <Filter>UI\Wnd</Filter>
    </ClCompile>
    <ClCompile Include="UI\Control\XUIControl.cpp">
      <Filter>UI\Control</Filter>
    </ClCompile>
    <ClCompile Include="Device\Camera.cpp">
      <Filter>Device</Filter>
    </ClCompile>
    <ClCompile Include="Device\CameraManager.cpp">
      <Filter>Device</Filter>
    </ClCompile>
    <ClCompile Include="Device\DeviceScanner.cpp">
      <Filter>源文件</Filter>
    </ClCompile>
    <ClCompile Include="Device\DeviceDetecter.cpp">
      <Filter>Device</Filter>
    </ClCompile>
    <ClCompile Include="Com\Router.cpp">
      <Filter>Com</Filter>
    </ClCompile>
    <ClCompile Include="Device\Port.cpp">
      <Filter>Device</Filter>
    </ClCompile>
    <ClCompile Include="Device\PortManager.cpp">
      <Filter>Device</Filter>
    </ClCompile>
    <ClCompile Include="Com\SerialPort.cpp">
      <Filter>Com</Filter>
    </ClCompile>
    <ClCompile Include="UI\Control\KeyBoardUI.cpp">
      <Filter>UI\Control</Filter>
    </ClCompile>
    <ClCompile Include="UI\Control\LabelExUI.cpp">
      <Filter>UI\Control</Filter>
    </ClCompile>
    <ClCompile Include="UI\Control\MenuItemUI.cpp">
      <Filter>UI\Control</Filter>
    </ClCompile>
    <ClCompile Include="UI\Control\SliderExUI.cpp">
      <Filter>UI\Control</Filter>
    </ClCompile>
    <ClCompile Include="UI\Control\SubMenuItemUI.cpp">
      <Filter>UI\Control</Filter>
    </ClCompile>
    <ClCompile Include="UI\Control\TimeSpanPickerUI.cpp">
      <Filter>UI\Control</Filter>
    </ClCompile>
    <ClCompile Include="UI\Control\EditExUI.cpp">
      <Filter>UI\Control</Filter>
    </ClCompile>
    <ClCompile Include="UI\Wnd\MyMenuWnd.cpp">
      <Filter>UI\Wnd</Filter>
    </ClCompile>
    <ClCompile Include="UI\Control\SwitchExUI.cpp">
      <Filter>UI\Control</Filter>
    </ClCompile>
    <ClCompile Include="UI\Control\OptionExUI.cpp">
      <Filter>UI\Control</Filter>
    </ClCompile>
    <ClCompile Include="UI\Wnd\OkCancelMsgWnd.cpp">
      <Filter>UI\Wnd</Filter>
    </ClCompile>
    <ClCompile Include="UI\Control\CameraNameELementUI.cpp">
      <Filter>UI\Control</Filter>
    </ClCompile>
    <ClCompile Include="UI\Wnd\AlphaMarkWnd.cpp">
      <Filter>UI\Wnd</Filter>
    </ClCompile>
    <ClCompile Include="UI\Wnd\PlayerWallWnd.cpp">
      <Filter>UI\Wnd</Filter>
    </ClCompile>
    <ClCompile Include="UI\Wnd\SysSetIconsWnd.cpp">
      <Filter>UI\Wnd</Filter>
    </ClCompile>
    <ClCompile Include="UI\Wnd\VPlayer.cpp">
      <Filter>UI\Wnd</Filter>
    </ClCompile>
    <ClCompile Include="UI\Wnd\VoiceRecordMsgWnd.cpp">
      <Filter>UI\Wnd</Filter>
    </ClCompile>
    <ClCompile Include="UI\Wnd\VoicePlayMsgWnd.cpp">
      <Filter>UI\Wnd</Filter>
    </ClCompile>
    <ClInclude Include="ColdEyes.h" />
    <ClInclude Include="ColdEyesDlg.h" />
    <ClInclude Include="Com\Router.h" />
    <ClInclude Include="Com\SerialPort.h" />
    <ClInclude Include="Device\Camera.h" />
    <ClInclude Include="Device\CameraManager.h" />
    <ClInclude Include="Device\DeviceDetecter.h" />
    <ClInclude Include="Device\DeviceScanner.h" />
    <ClInclude Include="Device\Port.h" />
    <ClInclude Include="Device\PortManager.h" />
    <ClInclude Include="Layout.h" />
    <ClInclude Include="Pattern\IDataHandler.h" />
    <ClInclude Include="Resource.h" />
    <ClInclude Include="stdafx.h" />
    <ClInclude Include="Surface.h" />
    <ClInclude Include="SurfaceFrame.h" />
    <ClInclude Include="SurfaceWrapper.h" />
    <ClInclude Include="targetver.h" />
    <ClInclude Include="UI\Control\EditExUI.h" />
    <ClInclude Include="UI\Control\KeyBoardUI.h" />
    <ClInclude Include="UI\Control\LabelExUI.h" />
    <ClInclude Include="UI\Control\MenuItemUI.h" />
    <ClInclude Include="UI\Control\SliderExUI.h" />
    <ClInclude Include="UI\Control\SubMenuItemUI.h" />
    <ClInclude Include="UI\Control\TimeSpanPickerUI.h" />
    <ClInclude Include="UI\Control\XUIControl.h" />
    <ClInclude Include="UI\Wnd\MainWindow.h" />
    <ClInclude Include="UI\Wnd\WallWindow.h" />
    <ClInclude Include="Database\DBHelper.h" />
    <ClInclude Include="Database\sqlitewrapper.h" />
    <ClInclude Include="Config\SystemConfig.h" />
    <ClInclude Include="WallDlg.h" />
    <ClInclude Include="Config\PortConfig.h" />
  </ItemGroup>
  <ItemGroup>
    <ResourceCompile Include="ColdEyes.rc" />
  </ItemGroup>
  <ItemGroup>
    <Image Include="res\ColdEyes.ico" />
  </ItemGroup>
  <ItemGroup>
    <None Include="res\ColdEyes.rc2" />
  </ItemGroup>
  <ItemGroup>
    <Text Include="ReadMe.txt" />
  </ItemGroup>
</Project>