<?xml version="1.0" encoding="utf-8"?>
<Project ToolsVersion="4.0" xmlns="http://schemas.microsoft.com/developer/msbuild/2003">
  <ItemGroup>
    <ClCompile Include="ColdEyes.cpp" />
    <ClCompile Include="ColdEyesDlg.cpp" />
    <ClCompile Include="Com\Router.cpp" />
    <ClCompile Include="Com\SerialPort.cpp" />
    <ClCompile Include="Device\Camera.cpp" />
    <ClCompile Include="Device\CameraManager.cpp" />
    <ClCompile Include="Device\DeviceDetecter.cpp" />
    <ClCompile Include="Device\DeviceScanner.cpp" />
    <ClCompile Include="Device\Port.cpp" />
    <ClCompile Include="Device\PortManager.cpp" />
    <ClCompile Include="stdafx.cpp" />
    <ClCompile Include="Surface.cpp" />
    <ClCompile Include="SurfaceFrame.cpp" />
    <ClCompile Include="UI\Control\EditExUI.cpp" />
    <ClCompile Include="UI\Control\KeyBoardUI.cpp" />
    <ClCompile Include="UI\Control\LabelExUI.cpp" />
    <ClCompile Include="UI\Control\MenuItemUI.cpp" />
    <ClCompile Include="UI\Control\SliderExUI.cpp" />
    <ClCompile Include="UI\Control\SubMenuItemUI.cpp" />
    <ClCompile Include="UI\Control\TimeSpanPickerUI.cpp" />
    <ClCompile Include="UI\Control\XUIControl.cpp" />
    <ClCompile Include="UI\Wnd\MainWindow.cpp" />
    <ClCompile Include="WallDlg.cpp" />
    <ClCompile Include="Config\PortConfig.cpp" />
    <ClCompile Include="Config\SystemConfig.cpp" />
    <ClCompile Include="Database\DBHelper.cpp" />
    <ClCompile Include="Database\SQLiteWrapper.cpp" />
    <ClCompile Include="UI\Control\CameraNameELementUI.cpp" />
    <ClCompile Include="UI\Control\OptionExUI.cpp" />
    <ClCompile Include="UI\Control\SwitchExUI.cpp" />
    <ClCompile Include="UI\Wnd\AlphaMarkWnd.cpp" />
    <ClCompile Include="UI\Wnd\MyMenuWnd.cpp" />
    <ClCompile Include="UI\Wnd\OkCancelMsgWnd.cpp" />
    <ClCompile Include="UI\Wnd\PlayerWallWnd.cpp" />
    <ClCompile Include="UI\Wnd\SysSetIconsWnd.cpp" />
    <ClCompile Include="UI\Wnd\VoicePlayMsgWnd.cpp" />
    <ClCompile Include="UI\Wnd\VoiceRecordMsgWnd.cpp" />
    <ClCompile Include="UI\Wnd\VPlayer.cpp" />
    <ClCompile Include="Talk\Alarm.cpp" />
    <ClCompile Include="Talk\CameraTalk.cpp" />
    <ClCompile Include="Talk\Free.cpp" />
    <ClCompile Include="Talk\HostTalk.cpp" />
    <ClCompile Include="Talk\Talk.cpp" />
    <ClCompile Include="ExHardDriver\ExHardDrive.cpp" />
  </ItemGroup>
  <ItemGroup>
    <Text Include="ReadMe.txt" />
  </ItemGroup>
  <ItemGroup>
    <ClInclude Include="ColdEyes.h" />
    <ClInclude Include="ColdEyesDlg.h" />
    <ClInclude Include="Com\Router.h" />
    <ClInclude Include="Com\SerialPort.h" />
    <ClInclude Include="Device\Camera.h" />
    <ClInclude Include="Device\CameraManager.h" />
    <ClInclude Include="Device\DeviceDetecter.h" />
    <ClInclude Include="Device\DeviceScanner.h" />
    <ClInclude Include="Device\Port.h" />
    <ClInclude Include="Device\PortManager.h" />
    <ClInclude Include="Layout.h" />
    <ClInclude Include="Pattern\IDataHandler.h" />
    <ClInclude Include="Resource.h" />
    <ClInclude Include="stdafx.h" />
    <ClInclude Include="targetver.h" />
    <ClInclude Include="UI\Control\XUIControl.h" />
    <ClInclude Include="UI\Wnd\MainWindow.h" />
    <ClInclude Include="UI\Wnd\WallWindow.h" />
    <ClInclude Include="UI\Wnd\AlphaMarkWnd.h" />
    <ClInclude Include="UI\Wnd\MyMenuWnd.h" />
    <ClInclude Include="UI\Wnd\OkCancelMsgWnd.h" />
    <ClInclude Include="UI\Wnd\PlayerWallWnd.h" />
    <ClInclude Include="UI\Wnd\SysSetIconsWnd.h" />
    <ClInclude Include="UI\Wnd\VoicePlayMsgWnd.h" />
    <ClInclude Include="UI\Wnd\VoiceRecordMsgWnd.h" />
    <ClInclude Include="UI\Wnd\VPlayer.h" />
    <ClInclude Include="UI\Control\OptionExUI.h" />
    <ClInclude Include="UI\Control\MenuItemUI.h" />
    <ClInclude Include="UI\Control\TimeSpanPickerUI.h" />
    <ClInclude Include="UI\Control\SwitchExUI.h" />
    <ClInclude Include="UI\Control\SubMenuItemUI.h" />
    <ClInclude Include="UI\Control\SliderExUI.h" />
    <ClInclude Include="UI\Control\LabelExUI.h" />
    <ClInclude Include="UI\Control\KeyBoardUI.h" />
    <ClInclude Include="UI\Control\EditExUI.h" />
    <ClInclude Include="UI\Control\CameraNameELementUI.h" />
    <ClInclude Include="Talk\Alarm.h" />
    <ClInclude Include="Talk\CameraTalk.h" />
    <ClInclude Include="Talk\Free.h" />
    <ClInclude Include="Talk\HostTalk.h" />
    <ClInclude Include="Talk\IState.h" />
    <ClInclude Include="Talk\Talk.h" />
    <ClInclude Include="ExHardDriver\ExHardDrive.h" />
  </ItemGroup>
  <ItemGroup>
    <ClCompile Include="ColdEyes.cpp">
      <Filter>源文件</Filter>
    </ClCompile>
    <ClCompile Include="ColdEyesDlg.cpp">
      <Filter>源文件</Filter>
    </ClCompile>
    <ClCompile Include="stdafx.cpp">
      <Filter>源文件</Filter>
    </ClCompile>
    <ClCompile Include="UI\Wnd\MainWindow.cpp">
      <Filter>UI\Wnd</Filter>
    </ClCompile>
    <ClCompile Include="UI\Control\XUIControl.cpp">
      <Filter>UI\Control</Filter>
    </ClCompile>
    <ClCompile Include="Device\Camera.cpp">
      <Filter>Device</Filter>
    </ClCompile>
    <ClCompile Include="Device\CameraManager.cpp">
      <Filter>Device</Filter>
    </ClCompile>
    <ClCompile Include="Device\DeviceScanner.cpp">
      <Filter>源文件</Filter>
    </ClCompile>
    <ClCompile Include="Device\DeviceDetecter.cpp">
      <Filter>Device</Filter>
    </ClCompile>
    <ClCompile Include="Com\Router.cpp">
      <Filter>Com</Filter>
    </ClCompile>
    <ClCompile Include="Device\Port.cpp">
      <Filter>Device</Filter>
    </ClCompile>
    <ClCompile Include="Device\PortManager.cpp">
      <Filter>Device</Filter>
    </ClCompile>
    <ClCompile Include="Com\SerialPort.cpp">
      <Filter>Com</Filter>
    </ClCompile>
    <ClCompile Include="UI\Control\KeyBoardUI.cpp">
      <Filter>UI\Control</Filter>
    </ClCompile>
    <ClCompile Include="UI\Control\LabelExUI.cpp">
      <Filter>UI\Control</Filter>
    </ClCompile>
    <ClCompile Include="UI\Control\MenuItemUI.cpp">
      <Filter>UI\Control</Filter>
    </ClCompile>
    <ClCompile Include="UI\Control\SliderExUI.cpp">
      <Filter>UI\Control</Filter>
    </ClCompile>
    <ClCompile Include="UI\Control\SubMenuItemUI.cpp">
      <Filter>UI\Control</Filter>
    </ClCompile>
    <ClCompile Include="UI\Control\TimeSpanPickerUI.cpp">
      <Filter>UI\Control</Filter>
    </ClCompile>
    <ClCompile Include="UI\Control\EditExUI.cpp">
      <Filter>UI\Control</Filter>
    </ClCompile>
    <ClInclude Include="ColdEyes.h" />
    <ClInclude Include="ColdEyesDlg.h" />
    <ClInclude Include="Com\Router.h" />
    <ClInclude Include="Com\SerialPort.h" />
    <ClInclude Include="Device\Camera.h" />
    <ClInclude Include="Device\CameraManager.h" />
    <ClInclude Include="Device\DeviceDetecter.h" />
    <ClInclude Include="Device\DeviceScanner.h" />
    <ClInclude Include="Device\Port.h" />
    <ClInclude Include="Device\PortManager.h" />
    <ClInclude Include="Layout.h" />
    <ClInclude Include="Pattern\IDataHandler.h" />
    <ClInclude Include="Resource.h" />
    <ClInclude Include="stdafx.h" />
    <ClInclude Include="Surface.h" />
    <ClInclude Include="SurfaceFrame.h" />
    <ClInclude Include="targetver.h" />
    <ClInclude Include="WallDlg.h" />
  </ItemGroup>
  <ItemGroup>
    <ResourceCompile Include="ColdEyes.rc" />
  </ItemGroup>
  <ItemGroup>
    <Image Include="res\ColdEyes.ico" />
  </ItemGroup>
  <ItemGroup>
    <None Include="res\ColdEyes.rc2" />
    <None Include="cold_eyes.db" />
    <None Include="ColdEyes.aps" />
  </ItemGroup>
  <ItemGroup>
    <Text Include="ReadMe.txt" />
  </ItemGroup>
</Project>