<?xml version="1.0" encoding="utf-8"?>
<Project ToolsVersion="4.0" xmlns="http://schemas.microsoft.com/developer/msbuild/2003">
  <ItemGroup>
    <ClCompile Include="ColdEyes.cpp" />
    <ClCompile Include="ColdEyesDlg.cpp" />
    <ClCompile Include="Com\Router.cpp" />
    <ClCompile Include="Com\SerialPort.cpp" />
    <ClCompile Include="Device\Camera.cpp" />
    <ClCompile Include="Device\CameraManager.cpp" />
    <ClCompile Include="Device\DeviceDetecter.cpp" />
    <ClCompile Include="Device\DeviceScanner.cpp" />
    <ClCompile Include="Device\Port.cpp" />
    <ClCompile Include="Device\PortManager.cpp" />
    <ClCompile Include="stdafx.cpp" />
    <ClCompile Include="Surface.cpp" />
    <ClCompile Include="SurfaceFrame.cpp" />
    <ClCompile Include="UI\Control\EditExUI.cpp" />
    <ClCompile Include="UI\Control\KeyBoardUI.cpp" />
    <ClCompile Include="UI\Control\LabelExUI.cpp" />
    <ClCompile Include="UI\Control\MenuItemUI.cpp" />
    <ClCompile Include="UI\Control\SliderExUI.cpp" />
    <ClCompile Include="UI\Control\SubMenuItemUI.cpp" />
    <ClCompile Include="UI\Control\TimeSpanPickerUI.cpp" />
    <ClCompile Include="UI\Control\XUIControl.cpp" />
    <ClCompile Include="UI\Wnd\MainWindow.cpp" />
    <ClCompile Include="UI\Wnd\WallWindow.cpp" />
    <ClCompile Include="WallDlg.cpp" />
    <ClCompile Include="Database\DBHelper.cpp" />
    <ClCompile Include="Database\SQLiteWrapper.cpp" />
    <ClCompile Include="Config\SystemConfig.cpp" />
    <ClCompile Include="Config\PortConfig.cpp" />
  </ItemGroup>
  <ItemGroup>
    <ClInclude Include="ColdEyes.h" />
    <ClInclude Include="ColdEyesDlg.h" />
    <ClInclude Include="Com\Router.h" />
    <ClInclude Include="Com\SerialPort.h" />
    <ClInclude Include="Device\Camera.h" />
    <ClInclude Include="Device\CameraManager.h" />
    <ClInclude Include="Device\DeviceDetecter.h" />
    <ClInclude Include="Device\DeviceScanner.h" />
    <ClInclude Include="Device\Port.h" />
    <ClInclude Include="Device\PortManager.h" />
    <ClInclude Include="Layout.h" />
    <ClInclude Include="Pattern\IDataHandler.h" />
    <ClInclude Include="Resource.h" />
    <ClInclude Include="stdafx.h" />
    <ClInclude Include="Surface.h" />
    <ClInclude Include="SurfaceFrame.h" />
    <ClInclude Include="SurfaceWrapper.h" />
    <ClInclude Include="targetver.h" />
    <ClInclude Include="UI\Control\EditExUI.h" />
    <ClInclude Include="UI\Control\KeyBoardUI.h" />
    <ClInclude Include="UI\Control\LabelExUI.h" />
    <ClInclude Include="UI\Control\MenuItemUI.h" />
    <ClInclude Include="UI\Control\SliderExUI.h" />
    <ClInclude Include="UI\Control\SubMenuItemUI.h" />
    <ClInclude Include="UI\Control\TimeSpanPickerUI.h" />
    <ClInclude Include="UI\Control\XUIControl.h" />
    <ClInclude Include="UI\Wnd\MainWindow.h" />
    <ClInclude Include="UI\Wnd\WallWindow.h" />
    <ClInclude Include="WallDlg.h" />
    <ClInclude Include="Database\DBHelper.h" />
    <ClInclude Include="Database\sqlitewrapper.h" />
    <ClInclude Include="Config\SystemConfig.h" />
    <ClInclude Include="Config\PortConfig.h" />
  </ItemGroup>
  <ItemGroup>
    <ResourceCompile Include="ColdEyes.rc" />
  </ItemGroup>
  <ItemGroup>
    <Image Include="res\ColdEyes.ico" />
  </ItemGroup>
  <ItemGroup>
    <None Include="res\ColdEyes.rc2" />
  </ItemGroup>
  <ItemGroup>
    <Text Include="ReadMe.txt" />
  </ItemGroup>
</Project>